{
  "name": "day01",
  "version": "1.0.0",
  "lockfileVersion": 1,
  "requires": true,
  "dependencies": {
    "buffer-from": {
      "version": "1.1.1",
      "resolved": "https://registry.npm.taobao.org/buffer-from/download/buffer-from-1.1.1.tgz",
      "integrity": "sha1-MnE7wCj3XAL9txDXx7zsHyxgcO8=",
      "dev": true
    },
    "camel-case": {
      "version": "3.0.0",
      "resolved": "https://registry.npm.taobao.org/camel-case/download/camel-case-3.0.0.tgz",
      "integrity": "sha1-yjw2iKTpzzpM2nd9xNy8cTJJz3M=",
      "dev": true,
      "requires": {
        "no-case": "^2.2.0",
        "upper-case": "^1.1.1"
      }
    },
    "clean-css": {
      "version": "4.2.3",
      "resolved": "https://registry.npm.taobao.org/clean-css/download/clean-css-4.2.3.tgz",
      "integrity": "sha1-UHtd59l7SO5T2ErbAWD/YhY4D3g=",
      "dev": true,
      "requires": {
        "source-map": "~0.6.0"
      }
    },
    "commander": {
      "version": "2.20.3",
      "resolved": "https://registry.npm.taobao.org/commander/download/commander-2.20.3.tgz?cache=0&sync_timestamp=1584148407069&other_urls=https%3A%2F%2Fregistry.npm.taobao.org%2Fcommander%2Fdownload%2Fcommander-2.20.3.tgz",
      "integrity": "sha1-/UhehMA+tIgcIHIrpIA16FMa6zM=",
      "dev": true
    },
    "css-b64-images": {
      "version": "0.2.5",
      "resolved": "https://registry.npm.taobao.org/css-b64-images/download/css-b64-images-0.2.5.tgz",
      "integrity": "sha1-QgBdgyBLK0pdk7axpWRBM7WSegI=",
      "dev": true
    },
    "cssmini": {
      "version": "18.5.31",
      "resolved": "https://registry.npm.taobao.org/cssmini/download/cssmini-18.5.31.tgz",
      "integrity": "sha1-EscwLsrh47vHWHwbPx+7DDy+Duk=",
      "dev": true
    },
    "debug": {
      "version": "4.1.1",
      "resolved": "https://registry.npm.taobao.org/debug/download/debug-4.1.1.tgz",
      "integrity": "sha1-O3ImAlUQnGtYnO4FDx1RYTlmR5E=",
      "dev": true,
      "requires": {
        "ms": "^2.1.1"
      }
    },
    "he": {
      "version": "1.2.0",
      "resolved": "https://registry.npm.taobao.org/he/download/he-1.2.0.tgz",
      "integrity": "sha1-hK5l+n6vsWX922FWauFLrwVmTw8=",
      "dev": true
    },
    "html-minifier": {
      "version": "4.0.0",
      "resolved": "https://registry.npm.taobao.org/html-minifier/download/html-minifier-4.0.0.tgz",
      "integrity": "sha1-zKmq2LzhF14C4XqMM+RtiYiIn1Y=",
      "dev": true,
      "requires": {
        "camel-case": "^3.0.0",
        "clean-css": "^4.2.1",
        "commander": "^2.19.0",
        "he": "^1.2.0",
        "param-case": "^2.1.1",
        "relateurl": "^0.2.7",
        "uglify-js": "^3.5.1"
      }
    },
    "lower-case": {
      "version": "1.1.4",
      "resolved": "https://registry.npm.taobao.org/lower-case/download/lower-case-1.1.4.tgz",
      "integrity": "sha1-miyr0bno4K6ZOkv31YdcOcQujqw=",
      "dev": true
    },
    "mini-css": {
      "version": "1.0.3",
      "resolved": "https://registry.npm.taobao.org/mini-css/download/mini-css-1.0.3.tgz",
      "integrity": "sha1-uERWSJb5y7cbhscoutrWfqzz39I=",
      "dev": true
    },
    "minify": {
      "version": "5.1.1",
      "resolved": "https://registry.npm.taobao.org/minify/download/minify-5.1.1.tgz",
      "integrity": "sha1-azYTYYWdOlYv9qCXrgZMILzLW0A=",
      "dev": true,
      "requires": {
        "clean-css": "^4.1.6",
        "css-b64-images": "~0.2.5",
        "debug": "^4.1.0",
        "html-minifier": "^4.0.0",
        "terser": "^4.0.0",
        "try-catch": "^3.0.0",
        "try-to-catch": "^3.0.0"
      }
    },
    "ms": {
      "version": "2.1.2",
      "resolved": "https://registry.npm.taobao.org/ms/download/ms-2.1.2.tgz",
      "integrity": "sha1-0J0fNXtEP0kzgqjrPM0YOHKuYAk=",
      "dev": true
    },
    "no-case": {
      "version": "2.3.2",
      "resolved": "https://registry.npm.taobao.org/no-case/download/no-case-2.3.2.tgz?cache=0&sync_timestamp=1576721605564&other_urls=https%3A%2F%2Fregistry.npm.taobao.org%2Fno-case%2Fdownload%2Fno-case-2.3.2.tgz",
      "integrity": "sha1-YLgTOWvjmz8SiKTB7V0efSi0ZKw=",
      "dev": true,
      "requires": {
        "lower-case": "^1.1.1"
      }
    },
    "param-case": {
      "version": "2.1.1",
      "resolved": "https://registry.npm.taobao.org/param-case/download/param-case-2.1.1.tgz",
      "integrity": "sha1-35T9jPZTHs915r75oIWPvHK+Ikc=",
      "dev": true,
      "requires": {
        "no-case": "^2.2.0"
      }
    },
    "relateurl": {
      "version": "0.2.7",
      "resolved": "https://registry.npm.taobao.org/relateurl/download/relateurl-0.2.7.tgz",
      "integrity": "sha1-VNvzd+UUQKypCkzSdGANP/LYiKk=",
      "dev": true
    },
    "source-map": {
      "version": "0.6.1",
      "resolved": "https://registry.npm.taobao.org/source-map/download/source-map-0.6.1.tgz",
      "integrity": "sha1-dHIq8y6WFOnCh6jQu95IteLxomM=",
      "dev": true
    },
    "source-map-support": {
      "version": "0.5.16",
      "resolved": "https://registry.npm.taobao.org/source-map-support/download/source-map-support-0.5.16.tgz?cache=0&other_urls=https%3A%2F%2Fregistry.npm.taobao.org%2Fsource-map-support%2Fdownload%2Fsource-map-support-0.5.16.tgz",
      "integrity": "sha1-CuBp5/47p1OMZMmFFeNTOerFoEI=",
      "dev": true,
      "requires": {
        "buffer-from": "^1.0.0",
        "source-map": "^0.6.0"
      }
    },
    "terser": {
      "version": "4.8.1",
      "resolved": "https://registry.npmjs.org/terser/-/terser-4.8.1.tgz",
      "integrity": "sha512-4GnLC0x667eJG0ewJTa6z/yXrbLGv80D9Ru6HIpCQmO+Q4PfEtBFi0ObSckqwL6VyQv/7ENJieXHo2ANmdQwgw==",
      "dev": true,
      "requires": {
        "commander": "^2.20.0",
        "source-map": "~0.6.1",
        "source-map-support": "~0.5.12"
      }
    },
    "try-catch": {
      "version": "3.0.0",
      "resolved": "https://registry.npm.taobao.org/try-catch/download/try-catch-3.0.0.tgz",
      "integrity": "sha1-eZbYuJiV4uiuYsvb60/hdHD4Exs=",
      "dev": true
    },
    "try-to-catch": {
      "version": "3.0.0",
      "resolved": "https://registry.npm.taobao.org/try-to-catch/download/try-to-catch-3.0.0.tgz",
      "integrity": "sha1-oZA7RNE9USTFTRSkYdIuwfUuoUs=",
      "dev": true
    },
    "uglify-js": {
      "version": "3.9.0",
      "resolved": "https://registry.npm.taobao.org/uglify-js/download/uglify-js-3.9.0.tgz",
      "integrity": "sha1-A3FjqTaZIFDtXRT11cQBQSYBlmE=",
      "dev": true,
      "requires": {
        "commander": "~2.20.3"
      }
    },
    "upper-case": {
      "version": "1.1.3",
      "resolved": "https://registry.npm.taobao.org/upper-case/download/upper-case-1.1.3.tgz?cache=0&sync_timestamp=1575601671982&other_urls=https%3A%2F%2Fregistry.npm.taobao.org%2Fupper-case%2Fdownload%2Fupper-case-1.1.3.tgz",
      "integrity": "sha1-9rRQHC7EzdJrp4vnIilh3ndiFZg=",
      "dev": true
    }
  }
}
